PODS:
  - SwiftyJSON (4.2.0)
  - zipzap (8.1.1)

DEPENDENCIES:
  - SwiftyJSON
  - zipzap (~> 8.0)

SPEC REPOS:
  https://github.com/cocoapods/specs.git:
    - SwiftyJSON
    - zipzap

SPEC CHECKSUMS:
  SwiftyJSON: c4bcba26dd9ec7a027fc8eade48e2c911f229e96
  zipzap: 940162d9c9c60472c2eab341385e4214da0fdf1c

PODFILE CHECKSUM: 450736c91d436b039f79db0ce4d508db7d1f8d70

COCOAPODS: 1.5.3
