PODS:
  - SwiftyJSON (3.1.1)
  - zipzap (8.0.3):
    - zipzap/c++ (= 8.0.3)
    - zipzap/objc (= 8.0.3)
    - zipzap/objcpp (= 8.0.3)
  - zipzap/c++ (8.0.3)
  - zipzap/objc (8.0.3)
  - zipzap/objcpp (8.0.3)

DEPENDENCIES:
  - SwiftyJSON
  - zipzap (from `https://raw.githubusercontent.com/tahasamad/zipzap/master/zipzap.podspec`)

EXTERNAL SOURCES:
  zipzap:
    :podspec: https://raw.githubusercontent.com/tahasamad/zipzap/master/zipzap.podspec

SPEC CHECKSUMS:
  SwiftyJSON: f0be2e604f83e8405a624e9f891898bf6ed4e019
  zipzap: 9acb41bada1b910056640b18455ccbdd12682944

PODFILE CHECKSUM: b9d67ea7bd1af3203c43de2aa2e509c072501687

COCOAPODS: 1.1.1
