PODS:
  - SwiftyJSON (5.0.2)
  - Zip (2.1.2)

DEPENDENCIES:
  - SwiftyJSON
  - Zip

SPEC REPOS:
  trunk:
    - SwiftyJSON
    - Zip

SPEC CHECKSUMS:
  SwiftyJSON: f5b1bf1cd8dd53cd25887ac0eabcfd92301c6a5a
  Zip: b3fef584b147b6e582b2256a9815c897d60ddc67

PODFILE CHECKSUM: 77d078f8123cef9a9345d3587e9549c8c2b7d47e

COCOAPODS: 1.16.2
